
Microsoft Visual Studio Solution File, Format Version 12.00
# Visual Studio Version 16
VisualStudioVersion = 16.0.29613.14
MinimumVisualStudioVersion = 10.0.40219.1
Project("{9A19103F-16F7-4668-BE54-9A1E7A4F7556}") = "SecureLogicApps", "SecureLogicApps.csproj", "{A1B1B87A-322D-4B8A-A642-9C43EA6DB57A}"
EndProject
Global
	GlobalSection(SolutionConfigurationPlatforms) = preSolution
		Debug|Any CPU = Debug|Any CPU
		Release|Any CPU = Release|Any CPU
	EndGlobalSection
	GlobalSection(ProjectConfigurationPlatforms) = postSolution
		{A1B1B87A-322D-4B8A-A642-9C43EA6DB57A}.Debug|Any CPU.ActiveCfg = Debug|Any CPU
		{A1B1B87A-322D-4B8A-A642-9C43EA6DB57A}.Debug|Any CPU.Build.0 = Debug|Any CPU
		{A1B1B87A-322D-4B8A-A642-9C43EA6DB57A}.Release|Any CPU.ActiveCfg = Release|Any CPU
		{A1B1B87A-322D-4B8A-A642-9C43EA6DB57A}.Release|Any CPU.Build.0 = Release|Any CPU
	EndGlobalSection
	GlobalSection(SolutionProperties) = preSolution
		HideSolutionNode = FALSE
	EndGlobalSection
	GlobalSection(ExtensibilityGlobals) = postSolution
		SolutionGuid = {D53FD59D-D712-45D6-9F2C-255D2ED8DA5C}
	EndGlobalSection
EndGlobal
